# This file was autogenerated by Stack.
# You should not edit this file by hand.
# For more information, please see the documentation at:
#   https://docs.haskellstack.org/en/stable/lock_files

packages:
- completed:
    hackage: haskeline-0.8.1.0@sha256:6a6158c90b929ce7aa5331ff5e9819aa32c7df8f4a7ba324b3cc055ee96b48cb,5818
    pantry-tree:
      size: 2955
      sha256: b80332551d20389637851299b618679a8435531bed1fed905195ae7163526999
  original:
    hackage: haskeline-0.8.1.0@sha256:6a6158c90b929ce7aa5331ff5e9819aa32c7df8f4a7ba324b3cc055ee96b48cb,5818
- completed:
    hackage: terminfo-hs-0.2.1.1@sha256:c193c5333a18ad030c146c2282dd3828e670af344fbfdbcb681dbf6abd99ca1c,1629
    pantry-tree:
      size: 602
      sha256: 798e6dea1a4a006f2f3949dddb5bd3feb78e6347dd77c5ad97b2446b0060be82
  original:
    hackage: terminfo-hs-0.2.1.1@sha256:c193c5333a18ad030c146c2282dd3828e670af344fbfdbcb681dbf6abd99ca1c,1629
snapshots:
- completed:
    size: 532835
    url: https://raw.githubusercontent.com/commercialhaskell/stackage-snapshots/master/lts/16/24.yaml
    sha256: cf2b52420b2262fe9cf0f6744929120131abd6675b1c3fb2d8b155a47f80d103
  original: lts-16.24
